
Microsoft Visual Studio Solution File, Format Version 12.00
# Visual Studio Version 17
VisualStudioVersion = 17.1.32421.90
MinimumVisualStudioVersion = 10.0.40219.1
Project("{FAE04EC0-301F-11D3-BF4B-00C04F79EFBC}") = "BookCircle", "BookCircle\BookCircle.csproj", "{81DAFCA9-43E7-48C7-BBCD-E98B03EBDA45}"
EndProject
Global
	GlobalSection(SolutionConfigurationPlatforms) = preSolution
		Debug|Any CPU = Debug|Any CPU
		Release|Any CPU = Release|Any CPU
	EndGlobalSection
	GlobalSection(ProjectConfigurationPlatforms) = postSolution
		{81DAFCA9-43E7-48C7-BBCD-E98B03EBDA45}.Debug|Any CPU.ActiveCfg = Debug|Any CPU
		{81DAFCA9-43E7-48C7-BBCD-E98B03EBDA45}.Debug|Any CPU.Build.0 = Debug|Any CPU
		{81DAFCA9-43E7-48C7-BBCD-E98B03EBDA45}.Release|Any CPU.ActiveCfg = Release|Any CPU
		{81DAFCA9-43E7-48C7-BBCD-E98B03EBDA45}.Release|Any CPU.Build.0 = Release|Any CPU
	EndGlobalSection
	GlobalSection(SolutionProperties) = preSolution
		HideSolutionNode = FALSE
	EndGlobalSection
	GlobalSection(ExtensibilityGlobals) = postSolution
		SolutionGuid = {E440B16F-91D6-4E4E-9FD3-AD0989DF9C6C}
	EndGlobalSection
EndGlobal
